lockVersion: 2.0.0
id: 257e00b4-68bd-4549-9f39-6d01f364735a
management:
  docChecksum: ab96939a530bd3f5fae0f5b4d7390b5a
  docVersion: 6.1.1
  speakeasyVersion: internal
  generationVersion: 2.237.2
  releaseVersion: 0.16.4
  configChecksum: 9120c014fed54e6d5162303b1f596e76
  repoURL: https://github.com/speakeasy-sdks/terraform-provider-newtest.git
  repoSubDirectory: .
  published: true
features:
  terraform:
    constsAndDefaults: 0.1.2
    core: 3.8.4
    globalSecurity: 2.81.3
    globalServerURLs: 2.82.1
    unions: 2.81.7
generatedFiles:
  - internal/sdk/appliancesettings.go
  - internal/sdk/clouds.go
  - internal/sdk/sdk.go
  - examples/README.md
  - go.mod
  - go.sum
  - internal/planmodifiers/boolplanmodifier/suppress_diff.go
  - internal/planmodifiers/float64planmodifier/suppress_diff.go
  - internal/planmodifiers/int64planmodifier/suppress_diff.go
  - internal/planmodifiers/listplanmodifier/suppress_diff.go
  - internal/planmodifiers/mapplanmodifier/suppress_diff.go
  - internal/planmodifiers/numberplanmodifier/suppress_diff.go
  - internal/planmodifiers/objectplanmodifier/suppress_diff.go
  - internal/planmodifiers/setplanmodifier/suppress_diff.go
  - internal/planmodifiers/stringplanmodifier/suppress_diff.go
  - internal/planmodifiers/utils/state_check.go
  - internal/provider/reflect/diags.go
  - internal/provider/reflect/doc.go
  - internal/provider/reflect/generic_attr_value.go
  - internal/provider/reflect/helpers.go
  - internal/provider/reflect/interfaces.go
  - internal/provider/reflect/into.go
  - internal/provider/reflect/map.go
  - internal/provider/reflect/number.go
  - internal/provider/reflect/options.go
  - internal/provider/reflect/outof.go
  - internal/provider/reflect/pointer.go
  - internal/provider/reflect/primitive.go
  - internal/provider/reflect/slice.go
  - internal/provider/reflect/struct.go
  - internal/provider/utils.go
  - internal/sdk/pkg/models/sdkerrors/sdkerror.go
  - internal/sdk/pkg/types/bigint.go
  - internal/sdk/pkg/types/date.go
  - internal/sdk/pkg/types/datetime.go
  - internal/sdk/pkg/types/decimal.go
  - internal/sdk/pkg/types/pointers.go
  - internal/sdk/pkg/utils/contenttype.go
  - internal/sdk/pkg/utils/form.go
  - internal/sdk/pkg/utils/headers.go
  - internal/sdk/pkg/utils/json.go
  - internal/sdk/pkg/utils/pathparams.go
  - internal/sdk/pkg/utils/queryparams.go
  - internal/sdk/pkg/utils/requestbody.go
  - internal/sdk/pkg/utils/retries.go
  - internal/sdk/pkg/utils/security.go
  - internal/sdk/pkg/utils/utils.go
  - internal/validators/DateValidator.go
  - internal/validators/ExactlyOneChild.go
  - internal/validators/JSONParseValidator.go
  - internal/validators/RFC3339Validator.go
  - internal/validators/boolvalidators/not_null.go
  - internal/validators/float64validators/not_null.go
  - internal/validators/int64validators/not_null.go
  - internal/validators/listvalidators/not_null.go
  - internal/validators/mapvalidators/not_null.go
  - internal/validators/numbervalidators/not_null.go
  - internal/validators/objectvalidators/not_null.go
  - internal/validators/setvalidators/not_null.go
  - internal/validators/stringvalidators/not_null.go
  - main.go
  - terraform-registry-manifest.json
  - tools/tools.go
  - internal/sdk/pkg/models/operations/setappliancesettingsmaintenancemode.go
  - internal/sdk/pkg/models/operations/addclouds.go
  - internal/sdk/pkg/models/shared/defaulterror.go
  - internal/sdk/pkg/models/shared/twohundredsuccess.go
  - internal/sdk/pkg/models/shared/zone.go
  - internal/sdk/pkg/models/shared/zonevcenterconfig.go
  - internal/sdk/pkg/models/shared/zoneawsconfig.go
  - internal/sdk/pkg/models/shared/zoneazureconfig.go
  - internal/sdk/pkg/models/shared/zonegcpconfig.go
  - internal/sdk/pkg/models/shared/zonecreate.go
  - internal/sdk/pkg/models/shared/security.go
  - internal/provider/type_zone_create_config.go
  - internal/provider/type_zone_create_credential.go
  - internal/provider/type_account.go
  - internal/provider/type_zone_aws_config_network_server.go
  - internal/provider/type_zone_aws_config.go
  - internal/provider/type_zone_azure_config.go
  - internal/provider/type_zone_gcp_config.go
  - internal/provider/type_zone_vcenter_config.go
  - internal/provider/type_config.go
  - internal/provider/type_one.go
  - internal/provider/type_two.go
  - internal/provider/type_credential.go
  - internal/provider/type_groups.go
  - internal/provider/type_server_counts.go
  - internal/provider/type_stats.go
  - internal/provider/type_zone_type.go
  - internal/provider/type_zone.go
  - internal/provider/type_zone_create1.go
  - internal/provider/type_zone_create2.go
  - internal/provider/type_zone_create_zone_type.go
  - USAGE.md
  - internal/provider/provider.go
  - examples/provider/provider.tf
  - internal/provider/zone_resource.go
  - internal/provider/zone_resource_sdk.go
  - examples/resources/newtest_zone/resource.tf
  - .gitattributes
